# THIS IS AN AUTOGENERATED FILE. DO NOT EDIT THIS FILE DIRECTLY.
# yarn lockfile v1


"@playwright/test@^1.26.0":
  version "1.26.0"
  resolved "https://registry.yarnpkg.com/@playwright/test/-/test-1.26.0.tgz#d0c4a7ffaa7df5b4a63e0d8dea133fdb1d6c5aef"
  integrity sha512-D24pu1k/gQw3Lhbpc38G5bXlBjGDrH5A52MsrH12wz6ohGDeQ+aZg/JFSEsT/B3G8zlJe/EU4EkJK74hpqsjEg==
  dependencies:
    "@types/node" "*"
    playwright-core "1.26.0"

"@types/node@*":
  version "18.7.19"
  resolved "https://registry.yarnpkg.com/@types/node/-/node-18.7.19.tgz#ad83aa9b7af470fab7e0f562be87e97dc8ffe08e"
  integrity sha512-Sq1itGUKUX1ap7GgZlrzdBydjbsJL/NSQt/4wkAxUJ7/OS5c2WkoN6WSpWc2Yc5wtKMZOUA0VCs/j2XJadN3HA==

playwright-core@1.26.0:
  version "1.26.0"
  resolved "https://registry.yarnpkg.com/playwright-core/-/playwright-core-1.26.0.tgz#850228f0638d410a5cdd69800d552f60e4d295cd"
  integrity sha512-p8huU8eU4gD3VkJd3DA1nA7R3XA6rFvFL+1RYS96cSljCF2yJE9CWEHTPF4LqX8KN9MoWCrAfVKP5381X3CZqg==
